
Microsoft Visual Studio Solution File, Format Version 12.00
# Visual Studio Version 17
VisualStudioVersion = 17.5.002.0
MinimumVisualStudioVersion = 10.0.40219.1
Project("{9A19103F-16F7-4668-BE54-9A1E7A4F7556}") = "LearnAPI", "LearnAPI.csproj", "{EFEA3122-37AE-4935-B166-6CD790D168FF}"
EndProject
Global
	GlobalSection(SolutionConfigurationPlatforms) = preSolution
		Debug|Any CPU = Debug|Any CPU
		Release|Any CPU = Release|Any CPU
	EndGlobalSection
	GlobalSection(ProjectConfigurationPlatforms) = postSolution
		{EFEA3122-37AE-4935-B166-6CD790D168FF}.Debug|Any CPU.ActiveCfg = Debug|Any CPU
		{EFEA3122-37AE-4935-B166-6CD790D168FF}.Debug|Any CPU.Build.0 = Debug|Any CPU
		{EFEA3122-37AE-4935-B166-6CD790D168FF}.Release|Any CPU.ActiveCfg = Release|Any CPU
		{EFEA3122-37AE-4935-B166-6CD790D168FF}.Release|Any CPU.Build.0 = Release|Any CPU
	EndGlobalSection
	GlobalSection(SolutionProperties) = preSolution
		HideSolutionNode = FALSE
	EndGlobalSection
	GlobalSection(ExtensibilityGlobals) = postSolution
		SolutionGuid = {C88247E8-2805-4BCB-9FE2-6CA83735266C}
	EndGlobalSection
EndGlobal
